
Microsoft Visual Studio Solution File, Format Version 12.00
# Visual Studio Version 17
VisualStudioVersion = 17.8.34322.80
MinimumVisualStudioVersion = 10.0.40219.1
Project("{9A19103F-16F7-4668-BE54-9A1E7A4F7556}") = "Api", "Api\Api.csproj", "{DF528FDA-0EF6-4314-BFBF-F40B49229D48}"
EndProject
Project("{9A19103F-16F7-4668-BE54-9A1E7A4F7556}") = "BiblotecApi", "BiblotecApi\BiblotecApi.csproj", "{AE4DD975-EA0B-4282-B614-85708588BB17}"
EndProject
Global
	GlobalSection(SolutionConfigurationPlatforms) = preSolution
		Debug|Any CPU = Debug|Any CPU
		Release|Any CPU = Release|Any CPU
	EndGlobalSection
	GlobalSection(ProjectConfigurationPlatforms) = postSolution
		{DF528FDA-0EF6-4314-BFBF-F40B49229D48}.Debug|Any CPU.ActiveCfg = Debug|Any CPU
		{DF528FDA-0EF6-4314-BFBF-F40B49229D48}.Debug|Any CPU.Build.0 = Debug|Any CPU
		{DF528FDA-0EF6-4314-BFBF-F40B49229D48}.Release|Any CPU.ActiveCfg = Release|Any CPU
		{DF528FDA-0EF6-4314-BFBF-F40B49229D48}.Release|Any CPU.Build.0 = Release|Any CPU
		{AE4DD975-EA0B-4282-B614-85708588BB17}.Debug|Any CPU.ActiveCfg = Debug|Any CPU
		{AE4DD975-EA0B-4282-B614-85708588BB17}.Debug|Any CPU.Build.0 = Debug|Any CPU
		{AE4DD975-EA0B-4282-B614-85708588BB17}.Release|Any CPU.ActiveCfg = Release|Any CPU
		{AE4DD975-EA0B-4282-B614-85708588BB17}.Release|Any CPU.Build.0 = Release|Any CPU
	EndGlobalSection
	GlobalSection(SolutionProperties) = preSolution
		HideSolutionNode = FALSE
	EndGlobalSection
	GlobalSection(ExtensibilityGlobals) = postSolution
		SolutionGuid = {9C74D526-DA82-4150-A4A2-86CA5843FCE2}
	EndGlobalSection
EndGlobal
